
Microsoft Visual Studio Solution File, Format Version 12.00
# Visual Studio Version 17
VisualStudioVersion = 17.2.32519.379
MinimumVisualStudioVersion = 10.0.40219.1
Project("{888888A0-9F3D-457C-B088-3A5042F75D52}") = "rühma töö(if)", "rühma töö(if).pyproj", "{CF29DC3E-5544-4B7C-9D95-D39A491C6DA1}"
EndProject
Global
	GlobalSection(SolutionConfigurationPlatforms) = preSolution
		Debug|Any CPU = Debug|Any CPU
		Release|Any CPU = Release|Any CPU
	EndGlobalSection
	GlobalSection(ProjectConfigurationPlatforms) = postSolution
		{CF29DC3E-5544-4B7C-9D95-D39A491C6DA1}.Debug|Any CPU.ActiveCfg = Debug|Any CPU
		{CF29DC3E-5544-4B7C-9D95-D39A491C6DA1}.Release|Any CPU.ActiveCfg = Release|Any CPU
	EndGlobalSection
	GlobalSection(SolutionProperties) = preSolution
		HideSolutionNode = FALSE
	EndGlobalSection
	GlobalSection(ExtensibilityGlobals) = postSolution
		SolutionGuid = {9A71C847-2A95-4A15-B5C2-9D07F429530F}
	EndGlobalSection
EndGlobal
